// !$*UTF8*$!
{
	archiveVersion = 1;
	classes = {
	};
	objectVersion = 46;
	objects = {

/* Begin PBXBuildFile section */
		A70261B01F1699CA0088D757 /* AVFoundation.framework in Frameworks */ = {isa = PBXBuildFile; fileRef = A70261AF1F1699CA0088D757 /* AVFoundation.framework */; settings = {ATTRIBUTES = (Weak, ); }; };
		A70261B21F16A37C0088D757 /* RejectPopup.swift in Sources */ = {isa = PBXBuildFile; fileRef = A70261B11F16A37C0088D757 /* RejectPopup.swift */; };
		A70261B41F16A3850088D757 /* RejectPopup.xib in Resources */ = {isa = PBXBuildFile; fileRef = A70261B31F16A3850088D757 /* RejectPopup.xib */; };
		A705744E1F04FE79005D1936 /* Main.storyboard in Resources */ = {isa = PBXBuildFile; fileRef = A705744C1F04FE79005D1936 /* Main.storyboard */; };
		A70574511F04FE79005D1936 /* TaksyKraft.xcdatamodeld in Sources */ = {isa = PBXBuildFile; fileRef = A705744F1F04FE79005D1936 /* TaksyKraft.xcdatamodeld */; };
		A70574531F04FE79005D1936 /* Assets.xcassets in Resources */ = {isa = PBXBuildFile; fileRef = A70574521F04FE79005D1936 /* Assets.xcassets */; };
		A70574561F04FE79005D1936 /* LaunchScreen.storyboard in Resources */ = {isa = PBXBuildFile; fileRef = A70574541F04FE79005D1936 /* LaunchScreen.storyboard */; };
		A70574651F04FEDE005D1936 /* AppDelegate.swift in Sources */ = {isa = PBXBuildFile; fileRef = A705745E1F04FEDE005D1936 /* AppDelegate.swift */; };
		A70574661F04FEDE005D1936 /* ViewController.swift in Sources */ = {isa = PBXBuildFile; fileRef = A70574631F04FEDE005D1936 /* ViewController.swift */; };
		A70574921F04FF3F005D1936 /* HttpRequest.swift in Sources */ = {isa = PBXBuildFile; fileRef = A705746D1F04FF3F005D1936 /* HttpRequest.swift */; };
		A705749B1F04FF3F005D1936 /* TaksyKraftUserDefaults.swift in Sources */ = {isa = PBXBuildFile; fileRef = A70574761F04FF3F005D1936 /* TaksyKraftUserDefaults.swift */; };
		A705749C1F04FF3F005D1936 /* AnimatedImageView.swift in Sources */ = {isa = PBXBuildFile; fileRef = A70574781F04FF3F005D1936 /* AnimatedImageView.swift */; };
		A705749D1F04FF3F005D1936 /* Box.swift in Sources */ = {isa = PBXBuildFile; fileRef = A70574791F04FF3F005D1936 /* Box.swift */; };
		A705749E1F04FF3F005D1936 /* CacheSerializer.swift in Sources */ = {isa = PBXBuildFile; fileRef = A705747A1F04FF3F005D1936 /* CacheSerializer.swift */; };
		A705749F1F04FF3F005D1936 /* Filter.swift in Sources */ = {isa = PBXBuildFile; fileRef = A705747B1F04FF3F005D1936 /* Filter.swift */; };
		A70574A01F04FF3F005D1936 /* Image.swift in Sources */ = {isa = PBXBuildFile; fileRef = A705747C1F04FF3F005D1936 /* Image.swift */; };
		A70574A11F04FF3F005D1936 /* ImageCache.swift in Sources */ = {isa = PBXBuildFile; fileRef = A705747D1F04FF3F005D1936 /* ImageCache.swift */; };
		A70574A21F04FF3F005D1936 /* ImageDownloader.swift in Sources */ = {isa = PBXBuildFile; fileRef = A705747E1F04FF3F005D1936 /* ImageDownloader.swift */; };
		A70574A31F04FF3F005D1936 /* ImagePrefetcher.swift in Sources */ = {isa = PBXBuildFile; fileRef = A705747F1F04FF3F005D1936 /* ImagePrefetcher.swift */; };
		A70574A41F04FF3F005D1936 /* ImageProcessor.swift in Sources */ = {isa = PBXBuildFile; fileRef = A70574801F04FF3F005D1936 /* ImageProcessor.swift */; };
		A70574A51F04FF3F005D1936 /* ImageTransition.swift in Sources */ = {isa = PBXBuildFile; fileRef = A70574811F04FF3F005D1936 /* ImageTransition.swift */; };
		A70574A61F04FF3F005D1936 /* ImageView+Kingfisher.swift in Sources */ = {isa = PBXBuildFile; fileRef = A70574821F04FF3F005D1936 /* ImageView+Kingfisher.swift */; };
		A70574A71F04FF3F005D1936 /* Indicator.swift in Sources */ = {isa = PBXBuildFile; fileRef = A70574831F04FF3F005D1936 /* Indicator.swift */; };
		A70574A81F04FF3F005D1936 /* Kingfisher.swift in Sources */ = {isa = PBXBuildFile; fileRef = A70574851F04FF3F005D1936 /* Kingfisher.swift */; };
		A70574A91F04FF3F005D1936 /* KingfisherManager.swift in Sources */ = {isa = PBXBuildFile; fileRef = A70574861F04FF3F005D1936 /* KingfisherManager.swift */; };
		A70574AA1F04FF3F005D1936 /* KingfisherOptionsInfo.swift in Sources */ = {isa = PBXBuildFile; fileRef = A70574871F04FF3F005D1936 /* KingfisherOptionsInfo.swift */; };
		A70574AB1F04FF3F005D1936 /* RequrstModifier.swift in Sources */ = {isa = PBXBuildFile; fileRef = A70574881F04FF3F005D1936 /* RequrstModifier.swift */; };
		A70574AC1F04FF3F005D1936 /* Resource.swift in Sources */ = {isa = PBXBuildFile; fileRef = A70574891F04FF3F005D1936 /* Resource.swift */; };
		A70574AD1F04FF3F005D1936 /* String+MD5.swift in Sources */ = {isa = PBXBuildFile; fileRef = A705748A1F04FF3F005D1936 /* String+MD5.swift */; };
		A70574AE1F04FF3F005D1936 /* ThreadHelper.swift in Sources */ = {isa = PBXBuildFile; fileRef = A705748B1F04FF3F005D1936 /* ThreadHelper.swift */; };
		A70574AF1F04FF3F005D1936 /* UIButton+Kingfisher.swift in Sources */ = {isa = PBXBuildFile; fileRef = A705748C1F04FF3F005D1936 /* UIButton+Kingfisher.swift */; };
		A70574B11F0501D0005D1936 /* ServiceLayer.swift in Sources */ = {isa = PBXBuildFile; fileRef = A70574B01F0501D0005D1936 /* ServiceLayer.swift */; };
		A7461D6A1F66A82900F2B05C /* ExpensesTableViewCell.swift in Sources */ = {isa = PBXBuildFile; fileRef = A7461D681F66A82900F2B05C /* ExpensesTableViewCell.swift */; };
		A7461D6B1F66A82900F2B05C /* ExpensesTableViewCell.xib in Resources */ = {isa = PBXBuildFile; fileRef = A7461D691F66A82900F2B05C /* ExpensesTableViewCell.xib */; };
		A7472CD61F0C9164007B677C /* FloatLabelTextField.swift in Sources */ = {isa = PBXBuildFile; fileRef = A7472CD41F0C9164007B677C /* FloatLabelTextField.swift */; };
		A7472CD71F0C9164007B677C /* FloatLabelTextView.swift in Sources */ = {isa = PBXBuildFile; fileRef = A7472CD51F0C9164007B677C /* FloatLabelTextView.swift */; };
		A7472CD91F0C979F007B677C /* BaseViewController.swift in Sources */ = {isa = PBXBuildFile; fileRef = A7472CD81F0C979F007B677C /* BaseViewController.swift */; };
		A7472CDD1F0CA29C007B677C /* MyExpensesTableViewCell.swift in Sources */ = {isa = PBXBuildFile; fileRef = A7472CDB1F0CA29C007B677C /* MyExpensesTableViewCell.swift */; };
		A7472CDE1F0CA29C007B677C /* MyExpensesTableViewCell.xib in Resources */ = {isa = PBXBuildFile; fileRef = A7472CDC1F0CA29C007B677C /* MyExpensesTableViewCell.xib */; };
		A7472CE41F0CA9FB007B677C /* ExpensesViewController.swift in Sources */ = {isa = PBXBuildFile; fileRef = A7472CE31F0CA9FB007B677C /* ExpensesViewController.swift */; };
		A767987B1F66679D000BD5EF /* MyExpensesViewController.swift in Sources */ = {isa = PBXBuildFile; fileRef = A767987A1F66679D000BD5EF /* MyExpensesViewController.swift */; };
		A7BB0D111F0CC72800146A9F /* CreateExpenseViewController.swift in Sources */ = {isa = PBXBuildFile; fileRef = A7BB0D101F0CC72800146A9F /* CreateExpenseViewController.swift */; };
		A7BB0D161F0CD5D600146A9F /* ReceiptBO.swift in Sources */ = {isa = PBXBuildFile; fileRef = A7BB0D151F0CD5D600146A9F /* ReceiptBO.swift */; };
		A7BB0D191F0CE6BB00146A9F /* CustomPopOver.swift in Sources */ = {isa = PBXBuildFile; fileRef = A7BB0D181F0CE6BB00146A9F /* CustomPopOver.swift */; };
		A7BB0D1C1F0D060200146A9F /* ImageDetailPopUp.swift in Sources */ = {isa = PBXBuildFile; fileRef = A7BB0D1A1F0D060200146A9F /* ImageDetailPopUp.swift */; };
		A7BB0D1D1F0D060200146A9F /* ImageDetailPopUp.xib in Resources */ = {isa = PBXBuildFile; fileRef = A7BB0D1B1F0D060200146A9F /* ImageDetailPopUp.xib */; };
		A7BB0D1F1F0D1DD600146A9F /* UserBO.swift in Sources */ = {isa = PBXBuildFile; fileRef = A7BB0D1E1F0D1DD600146A9F /* UserBO.swift */; };
		A7CFB5081F0D66B7005B6CBB /* IQNSArray+Sort.swift in Sources */ = {isa = PBXBuildFile; fileRef = A7CFB4F21F0D66B7005B6CBB /* IQNSArray+Sort.swift */; };
		A7CFB5091F0D66B7005B6CBB /* IQUIScrollView+Additions.swift in Sources */ = {isa = PBXBuildFile; fileRef = A7CFB4F31F0D66B7005B6CBB /* IQUIScrollView+Additions.swift */; };
		A7CFB50A1F0D66B7005B6CBB /* IQUITextFieldView+Additions.swift in Sources */ = {isa = PBXBuildFile; fileRef = A7CFB4F41F0D66B7005B6CBB /* IQUITextFieldView+Additions.swift */; };
		A7CFB50B1F0D66B7005B6CBB /* IQUIView+Hierarchy.swift in Sources */ = {isa = PBXBuildFile; fileRef = A7CFB4F51F0D66B7005B6CBB /* IQUIView+Hierarchy.swift */; };
		A7CFB50C1F0D66B7005B6CBB /* IQUIViewController+Additions.swift in Sources */ = {isa = PBXBuildFile; fileRef = A7CFB4F61F0D66B7005B6CBB /* IQUIViewController+Additions.swift */; };
		A7CFB50D1F0D66B7005B6CBB /* IQUIWindow+Hierarchy.swift in Sources */ = {isa = PBXBuildFile; fileRef = A7CFB4F71F0D66B7005B6CBB /* IQUIWindow+Hierarchy.swift */; };
		A7CFB50E1F0D66B7005B6CBB /* IQKeyboardManagerConstants.swift in Sources */ = {isa = PBXBuildFile; fileRef = A7CFB4F91F0D66B7005B6CBB /* IQKeyboardManagerConstants.swift */; };
		A7CFB50F1F0D66B7005B6CBB /* IQKeyboardManagerConstantsInternal.swift in Sources */ = {isa = PBXBuildFile; fileRef = A7CFB4FA1F0D66B7005B6CBB /* IQKeyboardManagerConstantsInternal.swift */; };
		A7CFB5101F0D66B7005B6CBB /* IQKeyboardManager.swift in Sources */ = {isa = PBXBuildFile; fileRef = A7CFB4FB1F0D66B7005B6CBB /* IQKeyboardManager.swift */; };
		A7CFB5111F0D66B7005B6CBB /* IQKeyboardReturnKeyHandler.swift in Sources */ = {isa = PBXBuildFile; fileRef = A7CFB4FD1F0D66B7005B6CBB /* IQKeyboardReturnKeyHandler.swift */; };
		A7CFB5121F0D66B7005B6CBB /* IQTextView.swift in Sources */ = {isa = PBXBuildFile; fileRef = A7CFB4FF1F0D66B7005B6CBB /* IQTextView.swift */; };
		A7CFB5131F0D66B7005B6CBB /* IQBarButtonItem.swift in Sources */ = {isa = PBXBuildFile; fileRef = A7CFB5011F0D66B7005B6CBB /* IQBarButtonItem.swift */; };
		A7CFB5141F0D66B7005B6CBB /* IQPreviousNextView.swift in Sources */ = {isa = PBXBuildFile; fileRef = A7CFB5021F0D66B7005B6CBB /* IQPreviousNextView.swift */; };
		A7CFB5151F0D66B7005B6CBB /* IQTitleBarButtonItem.swift in Sources */ = {isa = PBXBuildFile; fileRef = A7CFB5031F0D66B7005B6CBB /* IQTitleBarButtonItem.swift */; };
		A7CFB5161F0D66B7005B6CBB /* IQToolbar.swift in Sources */ = {isa = PBXBuildFile; fileRef = A7CFB5041F0D66B7005B6CBB /* IQToolbar.swift */; };
		A7CFB5171F0D66B7005B6CBB /* IQUIView+IQKeyboardToolbar.swift in Sources */ = {isa = PBXBuildFile; fileRef = A7CFB5051F0D66B7005B6CBB /* IQUIView+IQKeyboardToolbar.swift */; };
		A7CFB5181F0D66B7005B6CBB /* IQKeyboardManager.bundle in Resources */ = {isa = PBXBuildFile; fileRef = A7CFB5071F0D66B7005B6CBB /* IQKeyboardManager.bundle */; };
/* End PBXBuildFile section */

/* Begin PBXFileReference section */
		A70261AF1F1699CA0088D757 /* AVFoundation.framework */ = {isa = PBXFileReference; lastKnownFileType = wrapper.framework; name = AVFoundation.framework; path = System/Library/Frameworks/AVFoundation.framework; sourceTree = SDKROOT; };
		A70261B11F16A37C0088D757 /* RejectPopup.swift */ = {isa = PBXFileReference; fileEncoding = 4; lastKnownFileType = sourcecode.swift; path = RejectPopup.swift; sourceTree = "<group>"; };
		A70261B31F16A3850088D757 /* RejectPopup.xib */ = {isa = PBXFileReference; fileEncoding = 4; lastKnownFileType = file.xib; path = RejectPopup.xib; sourceTree = "<group>"; };
		A70574451F04FE79005D1936 /* TaksyKraft.app */ = {isa = PBXFileReference; explicitFileType = wrapper.application; includeInIndex = 0; path = TaksyKraft.app; sourceTree = BUILT_PRODUCTS_DIR; };
		A705744D1F04FE79005D1936 /* Base */ = {isa = PBXFileReference; lastKnownFileType = file.storyboard; name = Base; path = Base.lproj/Main.storyboard; sourceTree = "<group>"; };
		A70574501F04FE79005D1936 /* TaksyKraft.xcdatamodel */ = {isa = PBXFileReference; lastKnownFileType = wrapper.xcdatamodel; path = TaksyKraft.xcdatamodel; sourceTree = "<group>"; };
		A70574521F04FE79005D1936 /* Assets.xcassets */ = {isa = PBXFileReference; lastKnownFileType = folder.assetcatalog; path = Assets.xcassets; sourceTree = "<group>"; };
		A70574551F04FE79005D1936 /* Base */ = {isa = PBXFileReference; lastKnownFileType = file.storyboard; name = Base; path = Base.lproj/LaunchScreen.storyboard; sourceTree = "<group>"; };
		A70574571F04FE79005D1936 /* Info.plist */ = {isa = PBXFileReference; lastKnownFileType = text.plist.xml; path = Info.plist; sourceTree = "<group>"; };
		A705745E1F04FEDE005D1936 /* AppDelegate.swift */ = {isa = PBXFileReference; fileEncoding = 4; lastKnownFileType = sourcecode.swift; path = AppDelegate.swift; sourceTree = "<group>"; };
		A70574631F04FEDE005D1936 /* ViewController.swift */ = {isa = PBXFileReference; fileEncoding = 4; lastKnownFileType = sourcecode.swift; path = ViewController.swift; sourceTree = "<group>"; };
		A705746D1F04FF3F005D1936 /* HttpRequest.swift */ = {isa = PBXFileReference; fileEncoding = 4; lastKnownFileType = sourcecode.swift; path = HttpRequest.swift; sourceTree = "<group>"; };
		A70574761F04FF3F005D1936 /* TaksyKraftUserDefaults.swift */ = {isa = PBXFileReference; fileEncoding = 4; lastKnownFileType = sourcecode.swift; path = TaksyKraftUserDefaults.swift; sourceTree = "<group>"; };
		A70574781F04FF3F005D1936 /* AnimatedImageView.swift */ = {isa = PBXFileReference; fileEncoding = 4; lastKnownFileType = sourcecode.swift; path = AnimatedImageView.swift; sourceTree = "<group>"; };
		A70574791F04FF3F005D1936 /* Box.swift */ = {isa = PBXFileReference; fileEncoding = 4; lastKnownFileType = sourcecode.swift; path = Box.swift; sourceTree = "<group>"; };
		A705747A1F04FF3F005D1936 /* CacheSerializer.swift */ = {isa = PBXFileReference; fileEncoding = 4; lastKnownFileType = sourcecode.swift; path = CacheSerializer.swift; sourceTree = "<group>"; };
		A705747B1F04FF3F005D1936 /* Filter.swift */ = {isa = PBXFileReference; fileEncoding = 4; lastKnownFileType = sourcecode.swift; path = Filter.swift; sourceTree = "<group>"; };
		A705747C1F04FF3F005D1936 /* Image.swift */ = {isa = PBXFileReference; fileEncoding = 4; lastKnownFileType = sourcecode.swift; path = Image.swift; sourceTree = "<group>"; };
		A705747D1F04FF3F005D1936 /* ImageCache.swift */ = {isa = PBXFileReference; fileEncoding = 4; lastKnownFileType = sourcecode.swift; path = ImageCache.swift; sourceTree = "<group>"; };
		A705747E1F04FF3F005D1936 /* ImageDownloader.swift */ = {isa = PBXFileReference; fileEncoding = 4; lastKnownFileType = sourcecode.swift; path = ImageDownloader.swift; sourceTree = "<group>"; };
		A705747F1F04FF3F005D1936 /* ImagePrefetcher.swift */ = {isa = PBXFileReference; fileEncoding = 4; lastKnownFileType = sourcecode.swift; path = ImagePrefetcher.swift; sourceTree = "<group>"; };
		A70574801F04FF3F005D1936 /* ImageProcessor.swift */ = {isa = PBXFileReference; fileEncoding = 4; lastKnownFileType = sourcecode.swift; path = ImageProcessor.swift; sourceTree = "<group>"; };
		A70574811F04FF3F005D1936 /* ImageTransition.swift */ = {isa = PBXFileReference; fileEncoding = 4; lastKnownFileType = sourcecode.swift; path = ImageTransition.swift; sourceTree = "<group>"; };
		A70574821F04FF3F005D1936 /* ImageView+Kingfisher.swift */ = {isa = PBXFileReference; fileEncoding = 4; lastKnownFileType = sourcecode.swift; path = "ImageView+Kingfisher.swift"; sourceTree = "<group>"; };
		A70574831F04FF3F005D1936 /* Indicator.swift */ = {isa = PBXFileReference; fileEncoding = 4; lastKnownFileType = sourcecode.swift; path = Indicator.swift; sourceTree = "<group>"; };
		A70574841F04FF3F005D1936 /* Kingfisher.h */ = {isa = PBXFileReference; fileEncoding = 4; lastKnownFileType = sourcecode.c.h; path = Kingfisher.h; sourceTree = "<group>"; };
		A70574851F04FF3F005D1936 /* Kingfisher.swift */ = {isa = PBXFileReference; fileEncoding = 4; lastKnownFileType = sourcecode.swift; path = Kingfisher.swift; sourceTree = "<group>"; };
		A70574861F04FF3F005D1936 /* KingfisherManager.swift */ = {isa = PBXFileReference; fileEncoding = 4; lastKnownFileType = sourcecode.swift; path = KingfisherManager.swift; sourceTree = "<group>"; };
		A70574871F04FF3F005D1936 /* KingfisherOptionsInfo.swift */ = {isa = PBXFileReference; fileEncoding = 4; lastKnownFileType = sourcecode.swift; path = KingfisherOptionsInfo.swift; sourceTree = "<group>"; };
		A70574881F04FF3F005D1936 /* RequrstModifier.swift */ = {isa = PBXFileReference; fileEncoding = 4; lastKnownFileType = sourcecode.swift; path = RequrstModifier.swift; sourceTree = "<group>"; };
		A70574891F04FF3F005D1936 /* Resource.swift */ = {isa = PBXFileReference; fileEncoding = 4; lastKnownFileType = sourcecode.swift; path = Resource.swift; sourceTree = "<group>"; };
		A705748A1F04FF3F005D1936 /* String+MD5.swift */ = {isa = PBXFileReference; fileEncoding = 4; lastKnownFileType = sourcecode.swift; path = "String+MD5.swift"; sourceTree = "<group>"; };
		A705748B1F04FF3F005D1936 /* ThreadHelper.swift */ = {isa = PBXFileReference; fileEncoding = 4; lastKnownFileType = sourcecode.swift; path = ThreadHelper.swift; sourceTree = "<group>"; };
		A705748C1F04FF3F005D1936 /* UIButton+Kingfisher.swift */ = {isa = PBXFileReference; fileEncoding = 4; lastKnownFileType = sourcecode.swift; path = "UIButton+Kingfisher.swift"; sourceTree = "<group>"; };
		A70574B01F0501D0005D1936 /* ServiceLayer.swift */ = {isa = PBXFileReference; fileEncoding = 4; lastKnownFileType = sourcecode.swift; name = ServiceLayer.swift; path = Services/ServiceLayer.swift; sourceTree = "<group>"; };
		A7461D681F66A82900F2B05C /* ExpensesTableViewCell.swift */ = {isa = PBXFileReference; fileEncoding = 4; lastKnownFileType = sourcecode.swift; path = ExpensesTableViewCell.swift; sourceTree = "<group>"; };
		A7461D691F66A82900F2B05C /* ExpensesTableViewCell.xib */ = {isa = PBXFileReference; fileEncoding = 4; lastKnownFileType = file.xib; path = ExpensesTableViewCell.xib; sourceTree = "<group>"; };
		A7472CD41F0C9164007B677C /* FloatLabelTextField.swift */ = {isa = PBXFileReference; fileEncoding = 4; lastKnownFileType = sourcecode.swift; path = FloatLabelTextField.swift; sourceTree = "<group>"; };
		A7472CD51F0C9164007B677C /* FloatLabelTextView.swift */ = {isa = PBXFileReference; fileEncoding = 4; lastKnownFileType = sourcecode.swift; path = FloatLabelTextView.swift; sourceTree = "<group>"; };
		A7472CD81F0C979F007B677C /* BaseViewController.swift */ = {isa = PBXFileReference; fileEncoding = 4; lastKnownFileType = sourcecode.swift; path = BaseViewController.swift; sourceTree = "<group>"; };
		A7472CDB1F0CA29C007B677C /* MyExpensesTableViewCell.swift */ = {isa = PBXFileReference; fileEncoding = 4; lastKnownFileType = sourcecode.swift; path = MyExpensesTableViewCell.swift; sourceTree = "<group>"; };
		A7472CDC1F0CA29C007B677C /* MyExpensesTableViewCell.xib */ = {isa = PBXFileReference; fileEncoding = 4; lastKnownFileType = file.xib; path = MyExpensesTableViewCell.xib; sourceTree = "<group>"; };
		A7472CE31F0CA9FB007B677C /* ExpensesViewController.swift */ = {isa = PBXFileReference; fileEncoding = 4; lastKnownFileType = sourcecode.swift; path = ExpensesViewController.swift; sourceTree = "<group>"; };
		A767987A1F66679D000BD5EF /* MyExpensesViewController.swift */ = {isa = PBXFileReference; fileEncoding = 4; lastKnownFileType = sourcecode.swift; path = MyExpensesViewController.swift; sourceTree = "<group>"; };
		A7BB0D101F0CC72800146A9F /* CreateExpenseViewController.swift */ = {isa = PBXFileReference; fileEncoding = 4; lastKnownFileType = sourcecode.swift; path = CreateExpenseViewController.swift; sourceTree = "<group>"; };
		A7BB0D151F0CD5D600146A9F /* ReceiptBO.swift */ = {isa = PBXFileReference; fileEncoding = 4; lastKnownFileType = sourcecode.swift; path = ReceiptBO.swift; sourceTree = "<group>"; };
		A7BB0D181F0CE6BB00146A9F /* CustomPopOver.swift */ = {isa = PBXFileReference; fileEncoding = 4; lastKnownFileType = sourcecode.swift; path = CustomPopOver.swift; sourceTree = "<group>"; };
		A7BB0D1A1F0D060200146A9F /* ImageDetailPopUp.swift */ = {isa = PBXFileReference; fileEncoding = 4; lastKnownFileType = sourcecode.swift; path = ImageDetailPopUp.swift; sourceTree = "<group>"; };
		A7BB0D1B1F0D060200146A9F /* ImageDetailPopUp.xib */ = {isa = PBXFileReference; fileEncoding = 4; lastKnownFileType = file.xib; path = ImageDetailPopUp.xib; sourceTree = "<group>"; };
		A7BB0D1E1F0D1DD600146A9F /* UserBO.swift */ = {isa = PBXFileReference; fileEncoding = 4; lastKnownFileType = sourcecode.swift; path = UserBO.swift; sourceTree = "<group>"; };
		A7CFB4F21F0D66B7005B6CBB /* IQNSArray+Sort.swift */ = {isa = PBXFileReference; fileEncoding = 4; lastKnownFileType = sourcecode.swift; path = "IQNSArray+Sort.swift"; sourceTree = "<group>"; };
		A7CFB4F31F0D66B7005B6CBB /* IQUIScrollView+Additions.swift */ = {isa = PBXFileReference; fileEncoding = 4; lastKnownFileType = sourcecode.swift; path = "IQUIScrollView+Additions.swift"; sourceTree = "<group>"; };
		A7CFB4F41F0D66B7005B6CBB /* IQUITextFieldView+Additions.swift */ = {isa = PBXFileReference; fileEncoding = 4; lastKnownFileType = sourcecode.swift; path = "IQUITextFieldView+Additions.swift"; sourceTree = "<group>"; };
		A7CFB4F51F0D66B7005B6CBB /* IQUIView+Hierarchy.swift */ = {isa = PBXFileReference; fileEncoding = 4; lastKnownFileType = sourcecode.swift; path = "IQUIView+Hierarchy.swift"; sourceTree = "<group>"; };
		A7CFB4F61F0D66B7005B6CBB /* IQUIViewController+Additions.swift */ = {isa = PBXFileReference; fileEncoding = 4; lastKnownFileType = sourcecode.swift; path = "IQUIViewController+Additions.swift"; sourceTree = "<group>"; };
		A7CFB4F71F0D66B7005B6CBB /* IQUIWindow+Hierarchy.swift */ = {isa = PBXFileReference; fileEncoding = 4; lastKnownFileType = sourcecode.swift; path = "IQUIWindow+Hierarchy.swift"; sourceTree = "<group>"; };
		A7CFB4F91F0D66B7005B6CBB /* IQKeyboardManagerConstants.swift */ = {isa = PBXFileReference; fileEncoding = 4; lastKnownFileType = sourcecode.swift; path = IQKeyboardManagerConstants.swift; sourceTree = "<group>"; };
		A7CFB4FA1F0D66B7005B6CBB /* IQKeyboardManagerConstantsInternal.swift */ = {isa = PBXFileReference; fileEncoding = 4; lastKnownFileType = sourcecode.swift; path = IQKeyboardManagerConstantsInternal.swift; sourceTree = "<group>"; };
		A7CFB4FB1F0D66B7005B6CBB /* IQKeyboardManager.swift */ = {isa = PBXFileReference; fileEncoding = 4; lastKnownFileType = sourcecode.swift; path = IQKeyboardManager.swift; sourceTree = "<group>"; };
		A7CFB4FC1F0D66B7005B6CBB /* IQKeyboardManagerSwift.h */ = {isa = PBXFileReference; fileEncoding = 4; lastKnownFileType = sourcecode.c.h; path = IQKeyboardManagerSwift.h; sourceTree = "<group>"; };
		A7CFB4FD1F0D66B7005B6CBB /* IQKeyboardReturnKeyHandler.swift */ = {isa = PBXFileReference; fileEncoding = 4; lastKnownFileType = sourcecode.swift; path = IQKeyboardReturnKeyHandler.swift; sourceTree = "<group>"; };
		A7CFB4FF1F0D66B7005B6CBB /* IQTextView.swift */ = {isa = PBXFileReference; fileEncoding = 4; lastKnownFileType = sourcecode.swift; path = IQTextView.swift; sourceTree = "<group>"; };
		A7CFB5011F0D66B7005B6CBB /* IQBarButtonItem.swift */ = {isa = PBXFileReference; fileEncoding = 4; lastKnownFileType = sourcecode.swift; path = IQBarButtonItem.swift; sourceTree = "<group>"; };
		A7CFB5021F0D66B7005B6CBB /* IQPreviousNextView.swift */ = {isa = PBXFileReference; fileEncoding = 4; lastKnownFileType = sourcecode.swift; path = IQPreviousNextView.swift; sourceTree = "<group>"; };
		A7CFB5031F0D66B7005B6CBB /* IQTitleBarButtonItem.swift */ = {isa = PBXFileReference; fileEncoding = 4; lastKnownFileType = sourcecode.swift; path = IQTitleBarButtonItem.swift; sourceTree = "<group>"; };
		A7CFB5041F0D66B7005B6CBB /* IQToolbar.swift */ = {isa = PBXFileReference; fileEncoding = 4; lastKnownFileType = sourcecode.swift; path = IQToolbar.swift; sourceTree = "<group>"; };
		A7CFB5051F0D66B7005B6CBB /* IQUIView+IQKeyboardToolbar.swift */ = {isa = PBXFileReference; fileEncoding = 4; lastKnownFileType = sourcecode.swift; path = "IQUIView+IQKeyboardToolbar.swift"; sourceTree = "<group>"; };
		A7CFB5071F0D66B7005B6CBB /* IQKeyboardManager.bundle */ = {isa = PBXFileReference; lastKnownFileType = "wrapper.plug-in"; path = IQKeyboardManager.bundle; sourceTree = "<group>"; };
/* End PBXFileReference section */

/* Begin PBXFrameworksBuildPhase section */
		A70574421F04FE79005D1936 /* Frameworks */ = {
			isa = PBXFrameworksBuildPhase;
			buildActionMask = 2147483647;
			files = (
				A70261B01F1699CA0088D757 /* AVFoundation.framework in Frameworks */,
			);
			runOnlyForDeploymentPostprocessing = 0;
		};
/* End PBXFrameworksBuildPhase section */

/* Begin PBXGroup section */
		A70261AE1F1699CA0088D757 /* Frameworks */ = {
			isa = PBXGroup;
			children = (
				A70261AF1F1699CA0088D757 /* AVFoundation.framework */,
			);
			name = Frameworks;
			sourceTree = "<group>";
		};
		A705743C1F04FE79005D1936 = {
			isa = PBXGroup;
			children = (
				A70574471F04FE79005D1936 /* TaksyKraft */,
				A70574461F04FE79005D1936 /* Products */,
				A70261AE1F1699CA0088D757 /* Frameworks */,
			);
			sourceTree = "<group>";
		};
		A70574461F04FE79005D1936 /* Products */ = {
			isa = PBXGroup;
			children = (
				A70574451F04FE79005D1936 /* TaksyKraft.app */,
			);
			name = Products;
			sourceTree = "<group>";
		};
		A70574471F04FE79005D1936 /* TaksyKraft */ = {
			isa = PBXGroup;
			children = (
				A705745D1F04FEDE005D1936 /* ApplicationLayer */,
				A705745F1F04FEDE005D1936 /* Services */,
				A70574B01F0501D0005D1936 /* ServiceLayer.swift */,
				A70574611F04FEDE005D1936 /* PresentationLayer */,
				A70574641F04FEDE005D1936 /* Utilities */,
				A705744C1F04FE79005D1936 /* Main.storyboard */,
				A70574521F04FE79005D1936 /* Assets.xcassets */,
				A70574541F04FE79005D1936 /* LaunchScreen.storyboard */,
				A70574571F04FE79005D1936 /* Info.plist */,
				A705744F1F04FE79005D1936 /* TaksyKraft.xcdatamodeld */,
			);
			path = TaksyKraft;
			sourceTree = "<group>";
		};
		A705745D1F04FEDE005D1936 /* ApplicationLayer */ = {
			isa = PBXGroup;
			children = (
				A705745E1F04FEDE005D1936 /* AppDelegate.swift */,
			);
			path = ApplicationLayer;
			sourceTree = "<group>";
		};
		A705745F1F04FEDE005D1936 /* Services */ = {
			isa = PBXGroup;
			children = (
				A7BB0D141F0CD5D600146A9F /* Models */,
			);
			name = Services;
			path = BusinessLayer;
			sourceTree = "<group>";
		};
		A70574611F04FEDE005D1936 /* PresentationLayer */ = {
			isa = PBXGroup;
			children = (
				A7BB0D171F0CE6B500146A9F /* CustomViews */,
				A7472CDA1F0CA27F007B677C /* CustomCells */,
				A70574621F04FEDE005D1936 /* ViewControllers */,
			);
			path = PresentationLayer;
			sourceTree = "<group>";
		};
		A70574621F04FEDE005D1936 /* ViewControllers */ = {
			isa = PBXGroup;
			children = (
				A70574631F04FEDE005D1936 /* ViewController.swift */,
				A7472CD81F0C979F007B677C /* BaseViewController.swift */,
				A7472CE31F0CA9FB007B677C /* ExpensesViewController.swift */,
				A767987A1F66679D000BD5EF /* MyExpensesViewController.swift */,
				A7BB0D101F0CC72800146A9F /* CreateExpenseViewController.swift */,
			);
			path = ViewControllers;
			sourceTree = "<group>";
		};
		A70574641F04FEDE005D1936 /* Utilities */ = {
			isa = PBXGroup;
			children = (
				A7CFB4F01F0D66B7005B6CBB /* IQKeyboardManagerSwift */,
				A7472CD41F0C9164007B677C /* FloatLabelTextField.swift */,
				A7472CD51F0C9164007B677C /* FloatLabelTextView.swift */,
				A70574671F04FF3F005D1936 /* ServiceCallHelpers */,
				A70574761F04FF3F005D1936 /* TaksyKraftUserDefaults.swift */,
				A70574771F04FF3F005D1936 /* ImageLoading */,
			);
			path = Utilities;
			sourceTree = "<group>";
		};
		A70574671F04FF3F005D1936 /* ServiceCallHelpers */ = {
			isa = PBXGroup;
			children = (
				A705746D1F04FF3F005D1936 /* HttpRequest.swift */,
			);
			path = ServiceCallHelpers;
			sourceTree = "<group>";
		};
		A70574771F04FF3F005D1936 /* ImageLoading */ = {
			isa = PBXGroup;
			children = (
				A70574781F04FF3F005D1936 /* AnimatedImageView.swift */,
				A70574791F04FF3F005D1936 /* Box.swift */,
				A705747A1F04FF3F005D1936 /* CacheSerializer.swift */,
				A705747B1F04FF3F005D1936 /* Filter.swift */,
				A705747C1F04FF3F005D1936 /* Image.swift */,
				A705747D1F04FF3F005D1936 /* ImageCache.swift */,
				A705747E1F04FF3F005D1936 /* ImageDownloader.swift */,
				A705747F1F04FF3F005D1936 /* ImagePrefetcher.swift */,
				A70574801F04FF3F005D1936 /* ImageProcessor.swift */,
				A70574811F04FF3F005D1936 /* ImageTransition.swift */,
				A70574821F04FF3F005D1936 /* ImageView+Kingfisher.swift */,
				A70574831F04FF3F005D1936 /* Indicator.swift */,
				A70574841F04FF3F005D1936 /* Kingfisher.h */,
				A70574851F04FF3F005D1936 /* Kingfisher.swift */,
				A70574861F04FF3F005D1936 /* KingfisherManager.swift */,
				A70574871F04FF3F005D1936 /* KingfisherOptionsInfo.swift */,
				A70574881F04FF3F005D1936 /* RequrstModifier.swift */,
				A70574891F04FF3F005D1936 /* Resource.swift */,
				A705748A1F04FF3F005D1936 /* String+MD5.swift */,
				A705748B1F04FF3F005D1936 /* ThreadHelper.swift */,
				A705748C1F04FF3F005D1936 /* UIButton+Kingfisher.swift */,
			);
			path = ImageLoading;
			sourceTree = "<group>";
		};
		A7472CDA1F0CA27F007B677C /* CustomCells */ = {
			isa = PBXGroup;
			children = (
				A7472CDB1F0CA29C007B677C /* MyExpensesTableViewCell.swift */,
				A7472CDC1F0CA29C007B677C /* MyExpensesTableViewCell.xib */,
				A7461D681F66A82900F2B05C /* ExpensesTableViewCell.swift */,
				A7461D691F66A82900F2B05C /* ExpensesTableViewCell.xib */,
			);
			path = CustomCells;
			sourceTree = "<group>";
		};
		A7BB0D141F0CD5D600146A9F /* Models */ = {
			isa = PBXGroup;
			children = (
				A7BB0D151F0CD5D600146A9F /* ReceiptBO.swift */,
				A7BB0D1E1F0D1DD600146A9F /* UserBO.swift */,
			);
			name = Models;
			path = TaksyKraft/Services/Models;
			sourceTree = SOURCE_ROOT;
		};
		A7BB0D171F0CE6B500146A9F /* CustomViews */ = {
			isa = PBXGroup;
			children = (
				A7BB0D1A1F0D060200146A9F /* ImageDetailPopUp.swift */,
				A7BB0D1B1F0D060200146A9F /* ImageDetailPopUp.xib */,
				A7BB0D181F0CE6BB00146A9F /* CustomPopOver.swift */,
				A70261B11F16A37C0088D757 /* RejectPopup.swift */,
				A70261B31F16A3850088D757 /* RejectPopup.xib */,
			);
			path = CustomViews;
			sourceTree = "<group>";
		};
		A7CFB4F01F0D66B7005B6CBB /* IQKeyboardManagerSwift */ = {
			isa = PBXGroup;
			children = (
				A7CFB4F11F0D66B7005B6CBB /* Categories */,
				A7CFB4F81F0D66B7005B6CBB /* Constants */,
				A7CFB4FB1F0D66B7005B6CBB /* IQKeyboardManager.swift */,
				A7CFB4FC1F0D66B7005B6CBB /* IQKeyboardManagerSwift.h */,
				A7CFB4FD1F0D66B7005B6CBB /* IQKeyboardReturnKeyHandler.swift */,
				A7CFB4FE1F0D66B7005B6CBB /* IQTextView */,
				A7CFB5001F0D66B7005B6CBB /* IQToolbar */,
				A7CFB5061F0D66B7005B6CBB /* Resources */,
			);
			path = IQKeyboardManagerSwift;
			sourceTree = "<group>";
		};
		A7CFB4F11F0D66B7005B6CBB /* Categories */ = {
			isa = PBXGroup;
			children = (
				A7CFB4F21F0D66B7005B6CBB /* IQNSArray+Sort.swift */,
				A7CFB4F31F0D66B7005B6CBB /* IQUIScrollView+Additions.swift */,
				A7CFB4F41F0D66B7005B6CBB /* IQUITextFieldView+Additions.swift */,
				A7CFB4F51F0D66B7005B6CBB /* IQUIView+Hierarchy.swift */,
				A7CFB4F61F0D66B7005B6CBB /* IQUIViewController+Additions.swift */,
				A7CFB4F71F0D66B7005B6CBB /* IQUIWindow+Hierarchy.swift */,
			);
			path = Categories;
			sourceTree = "<group>";
		};
		A7CFB4F81F0D66B7005B6CBB /* Constants */ = {
			isa = PBXGroup;
			children = (
				A7CFB4F91F0D66B7005B6CBB /* IQKeyboardManagerConstants.swift */,
				A7CFB4FA1F0D66B7005B6CBB /* IQKeyboardManagerConstantsInternal.swift */,
			);
			path = Constants;
			sourceTree = "<group>";
		};
		A7CFB4FE1F0D66B7005B6CBB /* IQTextView */ = {
			isa = PBXGroup;
			children = (
				A7CFB4FF1F0D66B7005B6CBB /* IQTextView.swift */,
			);
			path = IQTextView;
			sourceTree = "<group>";
		};
		A7CFB5001F0D66B7005B6CBB /* IQToolbar */ = {
			isa = PBXGroup;
			children = (
				A7CFB5011F0D66B7005B6CBB /* IQBarButtonItem.swift */,
				A7CFB5021F0D66B7005B6CBB /* IQPreviousNextView.swift */,
				A7CFB5031F0D66B7005B6CBB /* IQTitleBarButtonItem.swift */,
				A7CFB5041F0D66B7005B6CBB /* IQToolbar.swift */,
				A7CFB5051F0D66B7005B6CBB /* IQUIView+IQKeyboardToolbar.swift */,
			);
			path = IQToolbar;
			sourceTree = "<group>";
		};
		A7CFB5061F0D66B7005B6CBB /* Resources */ = {
			isa = PBXGroup;
			children = (
				A7CFB5071F0D66B7005B6CBB /* IQKeyboardManager.bundle */,
			);
			path = Resources;
			sourceTree = "<group>";
		};
/* End PBXGroup section */

/* Begin PBXNativeTarget section */
		A70574441F04FE79005D1936 /* TaksyKraft */ = {
			isa = PBXNativeTarget;
			buildConfigurationList = A705745A1F04FE79005D1936 /* Build configuration list for PBXNativeTarget "TaksyKraft" */;
			buildPhases = (
				A70574411F04FE79005D1936 /* Sources */,
				A70574421F04FE79005D1936 /* Frameworks */,
				A70574431F04FE79005D1936 /* Resources */,
			);
			buildRules = (
			);
			dependencies = (
			);
			name = TaksyKraft;
			productName = TaksyKraft;
			productReference = A70574451F04FE79005D1936 /* TaksyKraft.app */;
			productType = "com.apple.product-type.application";
		};
/* End PBXNativeTarget section */

/* Begin PBXProject section */
		A705743D1F04FE79005D1936 /* Project object */ = {
			isa = PBXProject;
			attributes = {
				LastSwiftUpdateCheck = 0830;
				LastUpgradeCheck = 0830;
				ORGANIZATIONNAME = TaksyKraft;
				TargetAttributes = {
					A70574441F04FE79005D1936 = {
						CreatedOnToolsVersion = 8.3.3;
						DevelopmentTeam = 767WDHBUJ6;
						ProvisioningStyle = Manual;
					};
				};
			};
			buildConfigurationList = A70574401F04FE79005D1936 /* Build configuration list for PBXProject "TaksyKraft" */;
			compatibilityVersion = "Xcode 3.2";
			developmentRegion = English;
			hasScannedForEncodings = 0;
			knownRegions = (
				en,
				Base,
			);
			mainGroup = A705743C1F04FE79005D1936;
			productRefGroup = A70574461F04FE79005D1936 /* Products */;
			projectDirPath = "";
			projectRoot = "";
			targets = (
				A70574441F04FE79005D1936 /* TaksyKraft */,
			);
		};
/* End PBXProject section */

/* Begin PBXResourcesBuildPhase section */
		A70574431F04FE79005D1936 /* Resources */ = {
			isa = PBXResourcesBuildPhase;
			buildActionMask = 2147483647;
			files = (
				A7461D6B1F66A82900F2B05C /* ExpensesTableViewCell.xib in Resources */,
				A70261B41F16A3850088D757 /* RejectPopup.xib in Resources */,
				A7472CDE1F0CA29C007B677C /* MyExpensesTableViewCell.xib in Resources */,
				A70574561F04FE79005D1936 /* LaunchScreen.storyboard in Resources */,
				A7CFB5181F0D66B7005B6CBB /* IQKeyboardManager.bundle in Resources */,
				A70574531F04FE79005D1936 /* Assets.xcassets in Resources */,
				A7BB0D1D1F0D060200146A9F /* ImageDetailPopUp.xib in Resources */,
				A705744E1F04FE79005D1936 /* Main.storyboard in Resources */,
			);
			runOnlyForDeploymentPostprocessing = 0;
		};
/* End PBXResourcesBuildPhase section */

/* Begin PBXSourcesBuildPhase section */
		A70574411F04FE79005D1936 /* Sources */ = {
			isa = PBXSourcesBuildPhase;
			buildActionMask = 2147483647;
			files = (
				A70574661F04FEDE005D1936 /* ViewController.swift in Sources */,
				A7CFB5121F0D66B7005B6CBB /* IQTextView.swift in Sources */,
				A7CFB5141F0D66B7005B6CBB /* IQPreviousNextView.swift in Sources */,
				A7BB0D161F0CD5D600146A9F /* ReceiptBO.swift in Sources */,
				A7472CD71F0C9164007B677C /* FloatLabelTextView.swift in Sources */,
				A7461D6A1F66A82900F2B05C /* ExpensesTableViewCell.swift in Sources */,
				A7CFB50F1F0D66B7005B6CBB /* IQKeyboardManagerConstantsInternal.swift in Sources */,
				A70574AB1F04FF3F005D1936 /* RequrstModifier.swift in Sources */,
				A70574A41F04FF3F005D1936 /* ImageProcessor.swift in Sources */,
				A7CFB5101F0D66B7005B6CBB /* IQKeyboardManager.swift in Sources */,
				A70574AD1F04FF3F005D1936 /* String+MD5.swift in Sources */,
				A7CFB50C1F0D66B7005B6CBB /* IQUIViewController+Additions.swift in Sources */,
				A705749E1F04FF3F005D1936 /* CacheSerializer.swift in Sources */,
				A7472CDD1F0CA29C007B677C /* MyExpensesTableViewCell.swift in Sources */,
				A7CFB50B1F0D66B7005B6CBB /* IQUIView+Hierarchy.swift in Sources */,
				A70574AA1F04FF3F005D1936 /* KingfisherOptionsInfo.swift in Sources */,
				A7472CD61F0C9164007B677C /* FloatLabelTextField.swift in Sources */,
				A7CFB50E1F0D66B7005B6CBB /* IQKeyboardManagerConstants.swift in Sources */,
				A767987B1F66679D000BD5EF /* MyExpensesViewController.swift in Sources */,
				A70574A61F04FF3F005D1936 /* ImageView+Kingfisher.swift in Sources */,
				A7CFB5171F0D66B7005B6CBB /* IQUIView+IQKeyboardToolbar.swift in Sources */,
				A70574A01F04FF3F005D1936 /* Image.swift in Sources */,
				A705749C1F04FF3F005D1936 /* AnimatedImageView.swift in Sources */,
				A70574AC1F04FF3F005D1936 /* Resource.swift in Sources */,
				A70261B21F16A37C0088D757 /* RejectPopup.swift in Sources */,
				A70574651F04FEDE005D1936 /* AppDelegate.swift in Sources */,
				A7BB0D1F1F0D1DD600146A9F /* UserBO.swift in Sources */,
				A7BB0D1C1F0D060200146A9F /* ImageDetailPopUp.swift in Sources */,
				A70574A71F04FF3F005D1936 /* Indicator.swift in Sources */,
				A70574A21F04FF3F005D1936 /* ImageDownloader.swift in Sources */,
				A70574AE1F04FF3F005D1936 /* ThreadHelper.swift in Sources */,
				A7BB0D191F0CE6BB00146A9F /* CustomPopOver.swift in Sources */,
				A705749D1F04FF3F005D1936 /* Box.swift in Sources */,
				A705749F1F04FF3F005D1936 /* Filter.swift in Sources */,
				A70574921F04FF3F005D1936 /* HttpRequest.swift in Sources */,
				A70574B11F0501D0005D1936 /* ServiceLayer.swift in Sources */,
				A7CFB50D1F0D66B7005B6CBB /* IQUIWindow+Hierarchy.swift in Sources */,
				A7BB0D111F0CC72800146A9F /* CreateExpenseViewController.swift in Sources */,
				A7CFB5111F0D66B7005B6CBB /* IQKeyboardReturnKeyHandler.swift in Sources */,
				A70574A81F04FF3F005D1936 /* Kingfisher.swift in Sources */,
				A7CFB5081F0D66B7005B6CBB /* IQNSArray+Sort.swift in Sources */,
				A705749B1F04FF3F005D1936 /* TaksyKraftUserDefaults.swift in Sources */,
				A70574A91F04FF3F005D1936 /* KingfisherManager.swift in Sources */,
				A70574A11F04FF3F005D1936 /* ImageCache.swift in Sources */,
				A7472CE41F0CA9FB007B677C /* ExpensesViewController.swift in Sources */,
				A70574A51F04FF3F005D1936 /* ImageTransition.swift in Sources */,
				A70574A31F04FF3F005D1936 /* ImagePrefetcher.swift in Sources */,
				A7CFB5131F0D66B7005B6CBB /* IQBarButtonItem.swift in Sources */,
				A7CFB5161F0D66B7005B6CBB /* IQToolbar.swift in Sources */,
				A70574AF1F04FF3F005D1936 /* UIButton+Kingfisher.swift in Sources */,
				A7CFB5091F0D66B7005B6CBB /* IQUIScrollView+Additions.swift in Sources */,
				A70574511F04FE79005D1936 /* TaksyKraft.xcdatamodeld in Sources */,
				A7472CD91F0C979F007B677C /* BaseViewController.swift in Sources */,
				A7CFB50A1F0D66B7005B6CBB /* IQUITextFieldView+Additions.swift in Sources */,
				A7CFB5151F0D66B7005B6CBB /* IQTitleBarButtonItem.swift in Sources */,
			);
			runOnlyForDeploymentPostprocessing = 0;
		};
/* End PBXSourcesBuildPhase section */

/* Begin PBXVariantGroup section */
		A705744C1F04FE79005D1936 /* Main.storyboard */ = {
			isa = PBXVariantGroup;
			children = (
				A705744D1F04FE79005D1936 /* Base */,
			);
			name = Main.storyboard;
			sourceTree = "<group>";
		};
		A70574541F04FE79005D1936 /* LaunchScreen.storyboard */ = {
			isa = PBXVariantGroup;
			children = (
				A70574551F04FE79005D1936 /* Base */,
			);
			name = LaunchScreen.storyboard;
			sourceTree = "<group>";
		};
/* End PBXVariantGroup section */

/* Begin XCBuildConfiguration section */
		A70574581F04FE79005D1936 /* Debug */ = {
			isa = XCBuildConfiguration;
			buildSettings = {
				ALWAYS_SEARCH_USER_PATHS = NO;
				CLANG_ANALYZER_NONNULL = YES;
				CLANG_ANALYZER_NUMBER_OBJECT_CONVERSION = YES_AGGRESSIVE;
				CLANG_CXX_LANGUAGE_STANDARD = "gnu++0x";
				CLANG_CXX_LIBRARY = "libc++";
				CLANG_ENABLE_MODULES = YES;
				CLANG_ENABLE_OBJC_ARC = YES;
				CLANG_WARN_BOOL_CONVERSION = YES;
				CLANG_WARN_CONSTANT_CONVERSION = YES;
				CLANG_WARN_DIRECT_OBJC_ISA_USAGE = YES_ERROR;
				CLANG_WARN_DOCUMENTATION_COMMENTS = YES;
				CLANG_WARN_EMPTY_BODY = YES;
				CLANG_WARN_ENUM_CONVERSION = YES;
				CLANG_WARN_INFINITE_RECURSION = YES;
				CLANG_WARN_INT_CONVERSION = YES;
				CLANG_WARN_OBJC_ROOT_CLASS = YES_ERROR;
				CLANG_WARN_SUSPICIOUS_MOVE = YES;
				CLANG_WARN_UNREACHABLE_CODE = YES;
				CLANG_WARN__DUPLICATE_METHOD_MATCH = YES;
				"CODE_SIGN_IDENTITY[sdk=iphoneos*]" = "iPhone Developer";
				COPY_PHASE_STRIP = NO;
				DEBUG_INFORMATION_FORMAT = dwarf;
				ENABLE_STRICT_OBJC_MSGSEND = YES;
				ENABLE_TESTABILITY = YES;
				GCC_C_LANGUAGE_STANDARD = gnu99;
				GCC_DYNAMIC_NO_PIC = NO;
				GCC_NO_COMMON_BLOCKS = YES;
				GCC_OPTIMIZATION_LEVEL = 0;
				GCC_PREPROCESSOR_DEFINITIONS = (
					"DEBUG=1",
					"$(inherited)",
				);
				GCC_WARN_64_TO_32_BIT_CONVERSION = YES;
				GCC_WARN_ABOUT_RETURN_TYPE = YES_ERROR;
				GCC_WARN_UNDECLARED_SELECTOR = YES;
				GCC_WARN_UNINITIALIZED_AUTOS = YES_AGGRESSIVE;
				GCC_WARN_UNUSED_FUNCTION = YES;
				GCC_WARN_UNUSED_VARIABLE = YES;
				IPHONEOS_DEPLOYMENT_TARGET = 10.3;
				MTL_ENABLE_DEBUG_INFO = YES;
				ONLY_ACTIVE_ARCH = YES;
				SDKROOT = iphoneos;
				SWIFT_ACTIVE_COMPILATION_CONDITIONS = DEBUG;
				SWIFT_OPTIMIZATION_LEVEL = "-Onone";
			};
			name = Debug;
		};
		A70574591F04FE79005D1936 /* Release */ = {
			isa = XCBuildConfiguration;
			buildSettings = {
				ALWAYS_SEARCH_USER_PATHS = NO;
				CLANG_ANALYZER_NONNULL = YES;
				CLANG_ANALYZER_NUMBER_OBJECT_CONVERSION = YES_AGGRESSIVE;
				CLANG_CXX_LANGUAGE_STANDARD = "gnu++0x";
				CLANG_CXX_LIBRARY = "libc++";
				CLANG_ENABLE_MODULES = YES;
				CLANG_ENABLE_OBJC_ARC = YES;
				CLANG_WARN_BOOL_CONVERSION = YES;
				CLANG_WARN_CONSTANT_CONVERSION = YES;
				CLANG_WARN_DIRECT_OBJC_ISA_USAGE = YES_ERROR;
				CLANG_WARN_DOCUMENTATION_COMMENTS = YES;
				CLANG_WARN_EMPTY_BODY = YES;
				CLANG_WARN_ENUM_CONVERSION = YES;
				CLANG_WARN_INFINITE_RECURSION = YES;
				CLANG_WARN_INT_CONVERSION = YES;
				CLANG_WARN_OBJC_ROOT_CLASS = YES_ERROR;
				CLANG_WARN_SUSPICIOUS_MOVE = YES;
				CLANG_WARN_UNREACHABLE_CODE = YES;
				CLANG_WARN__DUPLICATE_METHOD_MATCH = YES;
				"CODE_SIGN_IDENTITY[sdk=iphoneos*]" = "iPhone Developer";
				COPY_PHASE_STRIP = NO;
				DEBUG_INFORMATION_FORMAT = "dwarf-with-dsym";
				ENABLE_NS_ASSERTIONS = NO;
				ENABLE_STRICT_OBJC_MSGSEND = YES;
				GCC_C_LANGUAGE_STANDARD = gnu99;
				GCC_NO_COMMON_BLOCKS = YES;
				GCC_WARN_64_TO_32_BIT_CONVERSION = YES;
				GCC_WARN_ABOUT_RETURN_TYPE = YES_ERROR;
				GCC_WARN_UNDECLARED_SELECTOR = YES;
				GCC_WARN_UNINITIALIZED_AUTOS = YES_AGGRESSIVE;
				GCC_WARN_UNUSED_FUNCTION = YES;
				GCC_WARN_UNUSED_VARIABLE = YES;
				IPHONEOS_DEPLOYMENT_TARGET = 10.3;
				MTL_ENABLE_DEBUG_INFO = NO;
				SDKROOT = iphoneos;
				SWIFT_OPTIMIZATION_LEVEL = "-Owholemodule";
				VALIDATE_PRODUCT = YES;
			};
			name = Release;
		};
		A705745B1F04FE79005D1936 /* Debug */ = {
			isa = XCBuildConfiguration;
			buildSettings = {
				ALWAYS_EMBED_SWIFT_STANDARD_LIBRARIES = YES;
				ASSETCATALOG_COMPILER_APPICON_NAME = AppIcon;
				CODE_SIGN_IDENTITY = "iPhone Distribution";
				"CODE_SIGN_IDENTITY[sdk=iphoneos*]" = "iPhone Developer";
				CODE_SIGN_STYLE = Manual;
				DEVELOPMENT_TEAM = 767WDHBUJ6;
				INFOPLIST_FILE = TaksyKraft/Info.plist;
				IPHONEOS_DEPLOYMENT_TARGET = 9.1;
				LD_RUNPATH_SEARCH_PATHS = "$(inherited) @executable_path/Frameworks";
				PRODUCT_BUNDLE_IDENTIFIER = com.taksykraft.Expenses;
				PRODUCT_NAME = "$(TARGET_NAME)";
				PROVISIONING_PROFILE = "f206bc1f-8254-448a-b7f0-448c289fc701";
				PROVISIONING_PROFILE_SPECIFIER = Expenses_Dev;
				SWIFT_VERSION = 3.0;
			};
			name = Debug;
		};
		A705745C1F04FE79005D1936 /* Release */ = {
			isa = XCBuildConfiguration;
			buildSettings = {
				ALWAYS_EMBED_SWIFT_STANDARD_LIBRARIES = YES;
				ASSETCATALOG_COMPILER_APPICON_NAME = AppIcon;
				CODE_SIGN_IDENTITY = "iPhone Distribution";
				"CODE_SIGN_IDENTITY[sdk=iphoneos*]" = "iPhone Developer";
				CODE_SIGN_STYLE = Manual;
				DEVELOPMENT_TEAM = 767WDHBUJ6;
				INFOPLIST_FILE = TaksyKraft/Info.plist;
				IPHONEOS_DEPLOYMENT_TARGET = 9.1;
				LD_RUNPATH_SEARCH_PATHS = "$(inherited) @executable_path/Frameworks";
				PRODUCT_BUNDLE_IDENTIFIER = com.taksykraft.Expenses;
				PRODUCT_NAME = "$(TARGET_NAME)";
				PROVISIONING_PROFILE = "f206bc1f-8254-448a-b7f0-448c289fc701";
				PROVISIONING_PROFILE_SPECIFIER = Expenses_Dev;
				SWIFT_VERSION = 3.0;
			};
			name = Release;
		};
/* End XCBuildConfiguration section */

/* Begin XCConfigurationList section */
		A70574401F04FE79005D1936 /* Build configuration list for PBXProject "TaksyKraft" */ = {
			isa = XCConfigurationList;
			buildConfigurations = (
				A70574581F04FE79005D1936 /* Debug */,
				A70574591F04FE79005D1936 /* Release */,
			);
			defaultConfigurationIsVisible = 0;
			defaultConfigurationName = Release;
		};
		A705745A1F04FE79005D1936 /* Build configuration list for PBXNativeTarget "TaksyKraft" */ = {
			isa = XCConfigurationList;
			buildConfigurations = (
				A705745B1F04FE79005D1936 /* Debug */,
				A705745C1F04FE79005D1936 /* Release */,
			);
			defaultConfigurationIsVisible = 0;
			defaultConfigurationName = Release;
		};
/* End XCConfigurationList section */

/* Begin XCVersionGroup section */
		A705744F1F04FE79005D1936 /* TaksyKraft.xcdatamodeld */ = {
			isa = XCVersionGroup;
			children = (
				A70574501F04FE79005D1936 /* TaksyKraft.xcdatamodel */,
			);
			currentVersion = A70574501F04FE79005D1936 /* TaksyKraft.xcdatamodel */;
			path = TaksyKraft.xcdatamodeld;
			sourceTree = "<group>";
			versionGroupType = wrapper.xcdatamodel;
		};
/* End XCVersionGroup section */
	};
	rootObject = A705743D1F04FE79005D1936 /* Project object */;
}
